{
  "name": "NightShift",
  "lockfileVersion": 3,
  "requires": true,
  "packages": {
    "": {
      "dependencies": {
        "object-typed": "^1.0.0"
      }
    },
    "node_modules/object-typed": {
      "version": "1.0.0",
      "resolved": "https://registry.npmjs.org/object-typed/-/object-typed-1.0.0.tgz",
      "integrity": "sha512-Uwqzj9SO7e191kJYnH2FDVdNtijv087ihIjgppJtoFK14T6TcMY12H3HFFV/ZlS0jbej12Y37yNSbGKcCcdVXg==",
      "engines": {
        "node": ">=10"
      }
    }
  }
}
